{
  "originHash" : "02e5716cf12d6c58a19eef1f0190f0dbb46a21ebb32fb90622c537300147bba6",
  "pins" : [
    {
      "identity" : "error-kit",
      "kind" : "remoteSourceControl",
      "location" : "https://github.com/bwdmr/error-kit.git",
      "state" : {
        "branch" : "feat_branch_four",
        "revision" : "0dea58e01f2835f80b39ff5fbaa0553ccddf918c"
      }
    },
    {
      "identity" : "swift-distributed-tracing",
      "kind" : "remoteSourceControl",
      "location" : "https://github.com/apple/swift-distributed-tracing",
      "state" : {
        "revision" : "baa932c1336f7894145cbaafcd34ce2dd0b77c97",
        "version" : "1.3.1"
      }
    },
    {
      "identity" : "swift-service-context",
      "kind" : "remoteSourceControl",
      "location" : "https://github.com/apple/swift-service-context.git",
      "state" : {
        "revision" : "1983448fefc717a2bc2ebde5490fe99873c5b8a6",
        "version" : "1.2.1"
      }
    }
  ],
  "version" : 3
}
